
Microsoft Visual Studio Solution File, Format Version 12.00
# Visual Studio Version 17
VisualStudioVersion = 17.6.33815.320
MinimumVisualStudioVersion = 10.0.40219.1
Project("{8BC9CEB8-8B4A-11D0-8D11-00A0C91BC942}") = "Core", "Source\Engine\Core\Core.vcxproj", "{2E09A753-3084-4C98-A6B2-EAB18911A2F7}"
EndProject
Project("{8BC9CEB8-8B4A-11D0-8D11-00A0C91BC942}") = "Renderer", "Source\Engine\Renderer\Renderer.vcxproj", "{1FE2FD02-43E8-44E7-BBD1-EA57C6E629EB}"
EndProject
Project("{2150E333-8FDC-42A3-9474-1A3956D46DE8}") = "Engine", "Engine", "{7F991435-C229-4194-A55E-4AE68E6D2AA1}"
EndProject
Project("{2150E333-8FDC-42A3-9474-1A3956D46DE8}") = "Game2", "Game2", "{206C9853-A61B-478F-BAB0-6B6EECC6714F}"
EndProject
Project("{8BC9CEB8-8B4A-11D0-8D11-00A0C91BC942}") = "Game", "Source\Game2\Game\Game.vcxproj", "{C8D45322-5B6A-4A59-B69D-952C65039C32}"
EndProject
Project("{8BC9CEB8-8B4A-11D0-8D11-00A0C91BC942}") = "Audio", "Source\Engine\Audio\Audio.vcxproj", "{A8CDCAB8-0B10-442D-B8F8-8F59ED900A1D}"
EndProject
Project("{8BC9CEB8-8B4A-11D0-8D11-00A0C91BC942}") = "FrameWork", "Source\Engine\FrameWork\FrameWork.vcxproj", "{361E456C-0652-4BA7-8DD6-D14729946FB1}"
EndProject
Project("{8BC9CEB8-8B4A-11D0-8D11-00A0C91BC942}") = "Input", "Source\Engine\Input\Input.vcxproj", "{142EDBA3-BD98-426B-A1C3-149F239F6C5F}"
EndProject
Project("{8BC9CEB8-8B4A-11D0-8D11-00A0C91BC942}") = "Physics", "Source\Engine\Physics\Physics.vcxproj", "{697EACA7-C812-4813-B6ED-D7076FB8FA7A}"
EndProject
Global
	GlobalSection(SolutionConfigurationPlatforms) = preSolution
		Debug|x64 = Debug|x64
		Debug|x86 = Debug|x86
		Release|x64 = Release|x64
		Release|x86 = Release|x86
	EndGlobalSection
	GlobalSection(ProjectConfigurationPlatforms) = postSolution
		{2E09A753-3084-4C98-A6B2-EAB18911A2F7}.Debug|x64.ActiveCfg = Debug|x64
		{2E09A753-3084-4C98-A6B2-EAB18911A2F7}.Debug|x64.Build.0 = Debug|x64
		{2E09A753-3084-4C98-A6B2-EAB18911A2F7}.Debug|x86.ActiveCfg = Debug|Win32
		{2E09A753-3084-4C98-A6B2-EAB18911A2F7}.Debug|x86.Build.0 = Debug|Win32
		{2E09A753-3084-4C98-A6B2-EAB18911A2F7}.Release|x64.ActiveCfg = Release|x64
		{2E09A753-3084-4C98-A6B2-EAB18911A2F7}.Release|x64.Build.0 = Release|x64
		{2E09A753-3084-4C98-A6B2-EAB18911A2F7}.Release|x86.ActiveCfg = Release|Win32
		{2E09A753-3084-4C98-A6B2-EAB18911A2F7}.Release|x86.Build.0 = Release|Win32
		{1FE2FD02-43E8-44E7-BBD1-EA57C6E629EB}.Debug|x64.ActiveCfg = Debug|x64
		{1FE2FD02-43E8-44E7-BBD1-EA57C6E629EB}.Debug|x64.Build.0 = Debug|x64
		{1FE2FD02-43E8-44E7-BBD1-EA57C6E629EB}.Debug|x86.ActiveCfg = Debug|Win32
		{1FE2FD02-43E8-44E7-BBD1-EA57C6E629EB}.Debug|x86.Build.0 = Debug|Win32
		{1FE2FD02-43E8-44E7-BBD1-EA57C6E629EB}.Release|x64.ActiveCfg = Release|x64
		{1FE2FD02-43E8-44E7-BBD1-EA57C6E629EB}.Release|x64.Build.0 = Release|x64
		{1FE2FD02-43E8-44E7-BBD1-EA57C6E629EB}.Release|x86.ActiveCfg = Release|Win32
		{1FE2FD02-43E8-44E7-BBD1-EA57C6E629EB}.Release|x86.Build.0 = Release|Win32
		{C8D45322-5B6A-4A59-B69D-952C65039C32}.Debug|x64.ActiveCfg = Debug|x64
		{C8D45322-5B6A-4A59-B69D-952C65039C32}.Debug|x64.Build.0 = Debug|x64
		{C8D45322-5B6A-4A59-B69D-952C65039C32}.Debug|x86.ActiveCfg = Debug|Win32
		{C8D45322-5B6A-4A59-B69D-952C65039C32}.Debug|x86.Build.0 = Debug|Win32
		{C8D45322-5B6A-4A59-B69D-952C65039C32}.Release|x64.ActiveCfg = Release|x64
		{C8D45322-5B6A-4A59-B69D-952C65039C32}.Release|x64.Build.0 = Release|x64
		{C8D45322-5B6A-4A59-B69D-952C65039C32}.Release|x86.ActiveCfg = Release|Win32
		{C8D45322-5B6A-4A59-B69D-952C65039C32}.Release|x86.Build.0 = Release|Win32
		{A8CDCAB8-0B10-442D-B8F8-8F59ED900A1D}.Debug|x64.ActiveCfg = Debug|x64
		{A8CDCAB8-0B10-442D-B8F8-8F59ED900A1D}.Debug|x64.Build.0 = Debug|x64
		{A8CDCAB8-0B10-442D-B8F8-8F59ED900A1D}.Debug|x86.ActiveCfg = Debug|Win32
		{A8CDCAB8-0B10-442D-B8F8-8F59ED900A1D}.Debug|x86.Build.0 = Debug|Win32
		{A8CDCAB8-0B10-442D-B8F8-8F59ED900A1D}.Release|x64.ActiveCfg = Release|x64
		{A8CDCAB8-0B10-442D-B8F8-8F59ED900A1D}.Release|x64.Build.0 = Release|x64
		{A8CDCAB8-0B10-442D-B8F8-8F59ED900A1D}.Release|x86.ActiveCfg = Release|Win32
		{A8CDCAB8-0B10-442D-B8F8-8F59ED900A1D}.Release|x86.Build.0 = Release|Win32
		{361E456C-0652-4BA7-8DD6-D14729946FB1}.Debug|x64.ActiveCfg = Debug|x64
		{361E456C-0652-4BA7-8DD6-D14729946FB1}.Debug|x64.Build.0 = Debug|x64
		{361E456C-0652-4BA7-8DD6-D14729946FB1}.Debug|x86.ActiveCfg = Debug|Win32
		{361E456C-0652-4BA7-8DD6-D14729946FB1}.Debug|x86.Build.0 = Debug|Win32
		{361E456C-0652-4BA7-8DD6-D14729946FB1}.Release|x64.ActiveCfg = Release|x64
		{361E456C-0652-4BA7-8DD6-D14729946FB1}.Release|x64.Build.0 = Release|x64
		{361E456C-0652-4BA7-8DD6-D14729946FB1}.Release|x86.ActiveCfg = Release|Win32
		{361E456C-0652-4BA7-8DD6-D14729946FB1}.Release|x86.Build.0 = Release|Win32
		{142EDBA3-BD98-426B-A1C3-149F239F6C5F}.Debug|x64.ActiveCfg = Debug|x64
		{142EDBA3-BD98-426B-A1C3-149F239F6C5F}.Debug|x64.Build.0 = Debug|x64
		{142EDBA3-BD98-426B-A1C3-149F239F6C5F}.Debug|x86.ActiveCfg = Debug|Win32
		{142EDBA3-BD98-426B-A1C3-149F239F6C5F}.Debug|x86.Build.0 = Debug|Win32
		{142EDBA3-BD98-426B-A1C3-149F239F6C5F}.Release|x64.ActiveCfg = Release|x64
		{142EDBA3-BD98-426B-A1C3-149F239F6C5F}.Release|x64.Build.0 = Release|x64
		{142EDBA3-BD98-426B-A1C3-149F239F6C5F}.Release|x86.ActiveCfg = Release|Win32
		{142EDBA3-BD98-426B-A1C3-149F239F6C5F}.Release|x86.Build.0 = Release|Win32
		{697EACA7-C812-4813-B6ED-D7076FB8FA7A}.Debug|x64.ActiveCfg = Debug|x64
		{697EACA7-C812-4813-B6ED-D7076FB8FA7A}.Debug|x64.Build.0 = Debug|x64
		{697EACA7-C812-4813-B6ED-D7076FB8FA7A}.Debug|x86.ActiveCfg = Debug|Win32
		{697EACA7-C812-4813-B6ED-D7076FB8FA7A}.Debug|x86.Build.0 = Debug|Win32
		{697EACA7-C812-4813-B6ED-D7076FB8FA7A}.Release|x64.ActiveCfg = Release|x64
		{697EACA7-C812-4813-B6ED-D7076FB8FA7A}.Release|x64.Build.0 = Release|x64
		{697EACA7-C812-4813-B6ED-D7076FB8FA7A}.Release|x86.ActiveCfg = Release|Win32
		{697EACA7-C812-4813-B6ED-D7076FB8FA7A}.Release|x86.Build.0 = Release|Win32
	EndGlobalSection
	GlobalSection(SolutionProperties) = preSolution
		HideSolutionNode = FALSE
	EndGlobalSection
	GlobalSection(NestedProjects) = preSolution
		{2E09A753-3084-4C98-A6B2-EAB18911A2F7} = {7F991435-C229-4194-A55E-4AE68E6D2AA1}
		{1FE2FD02-43E8-44E7-BBD1-EA57C6E629EB} = {7F991435-C229-4194-A55E-4AE68E6D2AA1}
		{C8D45322-5B6A-4A59-B69D-952C65039C32} = {206C9853-A61B-478F-BAB0-6B6EECC6714F}
		{A8CDCAB8-0B10-442D-B8F8-8F59ED900A1D} = {7F991435-C229-4194-A55E-4AE68E6D2AA1}
		{361E456C-0652-4BA7-8DD6-D14729946FB1} = {7F991435-C229-4194-A55E-4AE68E6D2AA1}
		{142EDBA3-BD98-426B-A1C3-149F239F6C5F} = {7F991435-C229-4194-A55E-4AE68E6D2AA1}
		{697EACA7-C812-4813-B6ED-D7076FB8FA7A} = {7F991435-C229-4194-A55E-4AE68E6D2AA1}
	EndGlobalSection
	GlobalSection(ExtensibilityGlobals) = postSolution
		SolutionGuid = {66DE7094-E296-468B-95B9-68C2A88E488C}
	EndGlobalSection
EndGlobal
