
Microsoft Visual Studio Solution File, Format Version 12.00
# Visual Studio Version 17
VisualStudioVersion = 17.6.33815.320
MinimumVisualStudioVersion = 10.0.40219.1
Project("{8BC9CEB8-8B4A-11D0-8D11-00A0C91BC942}") = "Audio", "Source\Engine\Audio\Audio.vcxproj", "{A8CDCAB8-0B10-442D-B8F8-8F59ED900A1D}"
EndProject
Project("{8BC9CEB8-8B4A-11D0-8D11-00A0C91BC942}") = "Core", "Source\Engine\Core\Core.vcxproj", "{2E09A753-3084-4C98-A6B2-EAB18911A2F7}"
EndProject
Project("{8BC9CEB8-8B4A-11D0-8D11-00A0C91BC942}") = "FrameWork", "Source\Engine\FrameWork\FrameWork.vcxproj", "{361E456C-0652-4BA7-8DD6-D14729946FB1}"
EndProject
Project("{8BC9CEB8-8B4A-11D0-8D11-00A0C91BC942}") = "Input", "Source\Engine\Input\Input.vcxproj", "{142EDBA3-BD98-426B-A1C3-149F239F6C5F}"
EndProject
Project("{8BC9CEB8-8B4A-11D0-8D11-00A0C91BC942}") = "Renderer", "Source\Engine\Renderer\Renderer.vcxproj", "{1FE2FD02-43E8-44E7-BBD1-EA57C6E629EB}"
EndProject
Project("{8BC9CEB8-8B4A-11D0-8D11-00A0C91BC942}") = "Game", "Source\Game\_Game\Game.vcxproj", "{D14CAFE5-5F3E-4F01-959D-0AA5780ACE29}"
EndProject
Global
	GlobalSection(SolutionConfigurationPlatforms) = preSolution
		Debug|x64 = Debug|x64
		Debug|x86 = Debug|x86
		Release|x64 = Release|x64
		Release|x86 = Release|x86
	EndGlobalSection
	GlobalSection(ProjectConfigurationPlatforms) = postSolution
		{A8CDCAB8-0B10-442D-B8F8-8F59ED900A1D}.Debug|x64.ActiveCfg = Debug|x64
		{A8CDCAB8-0B10-442D-B8F8-8F59ED900A1D}.Debug|x64.Build.0 = Debug|x64
		{A8CDCAB8-0B10-442D-B8F8-8F59ED900A1D}.Debug|x86.ActiveCfg = Debug|Win32
		{A8CDCAB8-0B10-442D-B8F8-8F59ED900A1D}.Debug|x86.Build.0 = Debug|Win32
		{A8CDCAB8-0B10-442D-B8F8-8F59ED900A1D}.Release|x64.ActiveCfg = Release|x64
		{A8CDCAB8-0B10-442D-B8F8-8F59ED900A1D}.Release|x64.Build.0 = Release|x64
		{A8CDCAB8-0B10-442D-B8F8-8F59ED900A1D}.Release|x86.ActiveCfg = Release|Win32
		{A8CDCAB8-0B10-442D-B8F8-8F59ED900A1D}.Release|x86.Build.0 = Release|Win32
		{2E09A753-3084-4C98-A6B2-EAB18911A2F7}.Debug|x64.ActiveCfg = Debug|x64
		{2E09A753-3084-4C98-A6B2-EAB18911A2F7}.Debug|x64.Build.0 = Debug|x64
		{2E09A753-3084-4C98-A6B2-EAB18911A2F7}.Debug|x86.ActiveCfg = Debug|Win32
		{2E09A753-3084-4C98-A6B2-EAB18911A2F7}.Debug|x86.Build.0 = Debug|Win32
		{2E09A753-3084-4C98-A6B2-EAB18911A2F7}.Release|x64.ActiveCfg = Release|x64
		{2E09A753-3084-4C98-A6B2-EAB18911A2F7}.Release|x64.Build.0 = Release|x64
		{2E09A753-3084-4C98-A6B2-EAB18911A2F7}.Release|x86.ActiveCfg = Release|Win32
		{2E09A753-3084-4C98-A6B2-EAB18911A2F7}.Release|x86.Build.0 = Release|Win32
		{361E456C-0652-4BA7-8DD6-D14729946FB1}.Debug|x64.ActiveCfg = Debug|x64
		{361E456C-0652-4BA7-8DD6-D14729946FB1}.Debug|x64.Build.0 = Debug|x64
		{361E456C-0652-4BA7-8DD6-D14729946FB1}.Debug|x86.ActiveCfg = Debug|Win32
		{361E456C-0652-4BA7-8DD6-D14729946FB1}.Debug|x86.Build.0 = Debug|Win32
		{361E456C-0652-4BA7-8DD6-D14729946FB1}.Release|x64.ActiveCfg = Release|x64
		{361E456C-0652-4BA7-8DD6-D14729946FB1}.Release|x64.Build.0 = Release|x64
		{361E456C-0652-4BA7-8DD6-D14729946FB1}.Release|x86.ActiveCfg = Release|Win32
		{361E456C-0652-4BA7-8DD6-D14729946FB1}.Release|x86.Build.0 = Release|Win32
		{142EDBA3-BD98-426B-A1C3-149F239F6C5F}.Debug|x64.ActiveCfg = Debug|x64
		{142EDBA3-BD98-426B-A1C3-149F239F6C5F}.Debug|x64.Build.0 = Debug|x64
		{142EDBA3-BD98-426B-A1C3-149F239F6C5F}.Debug|x86.ActiveCfg = Debug|Win32
		{142EDBA3-BD98-426B-A1C3-149F239F6C5F}.Debug|x86.Build.0 = Debug|Win32
		{142EDBA3-BD98-426B-A1C3-149F239F6C5F}.Release|x64.ActiveCfg = Release|x64
		{142EDBA3-BD98-426B-A1C3-149F239F6C5F}.Release|x64.Build.0 = Release|x64
		{142EDBA3-BD98-426B-A1C3-149F239F6C5F}.Release|x86.ActiveCfg = Release|Win32
		{142EDBA3-BD98-426B-A1C3-149F239F6C5F}.Release|x86.Build.0 = Release|Win32
		{1FE2FD02-43E8-44E7-BBD1-EA57C6E629EB}.Debug|x64.ActiveCfg = Debug|x64
		{1FE2FD02-43E8-44E7-BBD1-EA57C6E629EB}.Debug|x64.Build.0 = Debug|x64
		{1FE2FD02-43E8-44E7-BBD1-EA57C6E629EB}.Debug|x86.ActiveCfg = Debug|Win32
		{1FE2FD02-43E8-44E7-BBD1-EA57C6E629EB}.Debug|x86.Build.0 = Debug|Win32
		{1FE2FD02-43E8-44E7-BBD1-EA57C6E629EB}.Release|x64.ActiveCfg = Release|x64
		{1FE2FD02-43E8-44E7-BBD1-EA57C6E629EB}.Release|x64.Build.0 = Release|x64
		{1FE2FD02-43E8-44E7-BBD1-EA57C6E629EB}.Release|x86.ActiveCfg = Release|Win32
		{1FE2FD02-43E8-44E7-BBD1-EA57C6E629EB}.Release|x86.Build.0 = Release|Win32
		{D14CAFE5-5F3E-4F01-959D-0AA5780ACE29}.Debug|x64.ActiveCfg = Debug|x64
		{D14CAFE5-5F3E-4F01-959D-0AA5780ACE29}.Debug|x64.Build.0 = Debug|x64
		{D14CAFE5-5F3E-4F01-959D-0AA5780ACE29}.Debug|x86.ActiveCfg = Debug|Win32
		{D14CAFE5-5F3E-4F01-959D-0AA5780ACE29}.Debug|x86.Build.0 = Debug|Win32
		{D14CAFE5-5F3E-4F01-959D-0AA5780ACE29}.Release|x64.ActiveCfg = Release|x64
		{D14CAFE5-5F3E-4F01-959D-0AA5780ACE29}.Release|x64.Build.0 = Release|x64
		{D14CAFE5-5F3E-4F01-959D-0AA5780ACE29}.Release|x86.ActiveCfg = Release|Win32
		{D14CAFE5-5F3E-4F01-959D-0AA5780ACE29}.Release|x86.Build.0 = Release|Win32
	EndGlobalSection
	GlobalSection(SolutionProperties) = preSolution
		HideSolutionNode = FALSE
	EndGlobalSection
	GlobalSection(ExtensibilityGlobals) = postSolution
		SolutionGuid = {66DE7094-E296-468B-95B9-68C2A88E488C}
	EndGlobalSection
EndGlobal
