<?xml version="1.0" encoding="utf-8"?>
<Project ToolsVersion="4.0" xmlns="http://schemas.microsoft.com/developer/msbuild/2003">
  <ItemGroup>
    <Filter Include="Source Files">
      <UniqueIdentifier>{4FC737F1-C7A5-4376-A066-2A32D752A2FF}</UniqueIdentifier>
      <Extensions>cpp;c;cc;cxx;c++;cppm;ixx;def;odl;idl;hpj;bat;asm;asmx</Extensions>
    </Filter>
    <Filter Include="Source Files\Resource">
      <UniqueIdentifier>{4802cc67-e5d4-473b-88bb-be44adfe480f}</UniqueIdentifier>
    </Filter>
    <Filter Include="Source Files\Conponent">
      <UniqueIdentifier>{cbb777c3-9cfc-4146-a6d8-1a5bee488e40}</UniqueIdentifier>
    </Filter>
    <Filter Include="Source Files\Event">
      <UniqueIdentifier>{6fa64c4e-86ac-43b0-932d-145840a04574}</UniqueIdentifier>
    </Filter>
  </ItemGroup>
  <ItemGroup>
    <ClCompile Include="Actor.cpp">
      <Filter>Source Files</Filter>
    </ClCompile>
    <ClCompile Include="Scene.cpp">
      <Filter>Source Files</Filter>
    </ClCompile>
    <ClCompile Include="Emitter.cpp">
      <Filter>Source Files</Filter>
    </ClCompile>
    <ClCompile Include="Conponent\Sprite.cpp">
      <Filter>Source Files\Conponent</Filter>
    </ClCompile>
    <ClCompile Include="Conponent\ModRendComp.cpp">
      <Filter>Source Files\Conponent</Filter>
    </ClCompile>
    <ClCompile Include="Conponent\EnginePhysicsComp.cpp">
      <Filter>Source Files\Conponent</Filter>
    </ClCompile>
    <ClCompile Include="CircleCollisionComp.cpp">
      <Filter>Source Files\Conponent</Filter>
    </ClCompile>
    <ClCompile Include="Object.cpp">
      <Filter>Source Files</Filter>
    </ClCompile>
    <ClCompile Include="Conponent\TextRendComp.cpp">
      <Filter>Source Files\Conponent</Filter>
    </ClCompile>
    <ClCompile Include="Event\EventManager.cpp">
      <Filter>Source Files\Event</Filter>
    </ClCompile>
    <ClCompile Include="Conponent\Box2dPhysComp.cpp">
      <Filter>Source Files\Conponent</Filter>
    </ClCompile>
    <ClCompile Include="Conponent\Box2dCollisionComp.cpp">
      <Filter>Source Files\Conponent</Filter>
    </ClCompile>
  </ItemGroup>
  <ItemGroup>
    <ClInclude Include="Actor.h">
      <Filter>Source Files</Filter>
    </ClInclude>
    <ClInclude Include="Game.h">
      <Filter>Source Files</Filter>
    </ClInclude>
    <ClInclude Include="Emitter.h">
      <Filter>Source Files</Filter>
    </ClInclude>
    <ClInclude Include="Scene.h">
      <Filter>Source Files</Filter>
    </ClInclude>
    <ClInclude Include="Resource\Resource.h">
      <Filter>Source Files\Resource</Filter>
    </ClInclude>
    <ClInclude Include="ResourceManager.h">
      <Filter>Source Files\Resource</Filter>
    </ClInclude>
    <ClInclude Include="Conponent\Conponents.h">
      <Filter>Source Files\Conponent</Filter>
    </ClInclude>
    <ClInclude Include="Conponent\RenderComponent.h">
      <Filter>Source Files\Conponent</Filter>
    </ClInclude>
    <ClInclude Include="Conponent\Sprite.h">
      <Filter>Source Files\Conponent</Filter>
    </ClInclude>
    <ClInclude Include="Conponent\ModRendComp.h">
      <Filter>Source Files\Conponent</Filter>
    </ClInclude>
    <ClInclude Include="Conponent\Physics.h">
      <Filter>Source Files\Conponent</Filter>
    </ClInclude>
    <ClInclude Include="Conponent\EnginePhysicsComp.h">
      <Filter>Source Files\Conponent</Filter>
    </ClInclude>
    <ClInclude Include="FrameWork.h">
      <Filter>Source Files</Filter>
    </ClInclude>
    <ClInclude Include="Singleton.h">
      <Filter>Source Files</Filter>
    </ClInclude>
    <ClInclude Include="Factory.h">
      <Filter>Source Files</Filter>
    </ClInclude>
    <ClInclude Include="Object.h">
      <Filter>Source Files</Filter>
    </ClInclude>
    <ClInclude Include="CircleCollisionComp.h">
      <Filter>Source Files\Conponent</Filter>
    </ClInclude>
    <ClInclude Include="CollisionComp.h">
      <Filter>Source Files\Conponent</Filter>
    </ClInclude>
    <ClInclude Include="Conponent\TextRendComp.h">
      <Filter>Source Files\Conponent</Filter>
    </ClInclude>
    <ClInclude Include="Event\Event.h">
      <Filter>Source Files\Event</Filter>
    </ClInclude>
    <ClInclude Include="Event\EventManager.h">
      <Filter>Source Files\Event</Filter>
    </ClInclude>
    <ClInclude Include="Conponent\Box2dPhysComp.h">
      <Filter>Source Files\Conponent</Filter>
    </ClInclude>
    <ClInclude Include="Conponent\Box2dCollisionComp.h">
      <Filter>Source Files\Conponent</Filter>
    </ClInclude>
  </ItemGroup>
</Project>